
Microsoft Visual Studio Solution File, Format Version 12.00
# Visual Studio Version 16
VisualStudioVersion = 16.0.30413.136
MinimumVisualStudioVersion = 10.0.40219.1
Project("{FAE04EC0-301F-11D3-BF4B-00C04F79EFBC}") = "MyReactiveDemo", "MyReactiveDemo\MyReactiveDemo.csproj", "{2A1BB0E9-E2AF-44D6-91FB-D43136F08947}"
EndProject
Global
	GlobalSection(SolutionConfigurationPlatforms) = preSolution
		Debug|Any CPU = Debug|Any CPU
		Release|Any CPU = Release|Any CPU
	EndGlobalSection
	GlobalSection(ProjectConfigurationPlatforms) = postSolution
		{2A1BB0E9-E2AF-44D6-91FB-D43136F08947}.Debug|Any CPU.ActiveCfg = Debug|Any CPU
		{2A1BB0E9-E2AF-44D6-91FB-D43136F08947}.Debug|Any CPU.Build.0 = Debug|Any CPU
		{2A1BB0E9-E2AF-44D6-91FB-D43136F08947}.Release|Any CPU.ActiveCfg = Release|Any CPU
		{2A1BB0E9-E2AF-44D6-91FB-D43136F08947}.Release|Any CPU.Build.0 = Release|Any CPU
	EndGlobalSection
	GlobalSection(SolutionProperties) = preSolution
		HideSolutionNode = FALSE
	EndGlobalSection
	GlobalSection(ExtensibilityGlobals) = postSolution
		SolutionGuid = {855657B8-D976-4A60-9E98-82C9D07CE3CA}
	EndGlobalSection
EndGlobal
